
Microsoft Visual Studio Solution File, Format Version 12.00
# Visual Studio Version 17
VisualStudioVersion = 17.10.35122.118
MinimumVisualStudioVersion = 10.0.40219.1
Project("{FAE04EC0-301F-11D3-BF4B-00C04F79EFBC}") = "paginationTask", "paginationTask\paginationTask.csproj", "{A2F23FC8-1001-42E9-BF47-74611921A968}"
EndProject
Global
	GlobalSection(SolutionConfigurationPlatforms) = preSolution
		Debug|Any CPU = Debug|Any CPU
		Release|Any CPU = Release|Any CPU
	EndGlobalSection
	GlobalSection(ProjectConfigurationPlatforms) = postSolution
		{A2F23FC8-1001-42E9-BF47-74611921A968}.Debug|Any CPU.ActiveCfg = Debug|Any CPU
		{A2F23FC8-1001-42E9-BF47-74611921A968}.Debug|Any CPU.Build.0 = Debug|Any CPU
		{A2F23FC8-1001-42E9-BF47-74611921A968}.Release|Any CPU.ActiveCfg = Release|Any CPU
		{A2F23FC8-1001-42E9-BF47-74611921A968}.Release|Any CPU.Build.0 = Release|Any CPU
	EndGlobalSection
	GlobalSection(SolutionProperties) = preSolution
		HideSolutionNode = FALSE
	EndGlobalSection
	GlobalSection(ExtensibilityGlobals) = postSolution
		SolutionGuid = {23D3AEFC-0F1F-4273-A746-E1C7AE38A320}
	EndGlobalSection
EndGlobal
