
Microsoft Visual Studio Solution File, Format Version 12.00
# Visual Studio Version 17
VisualStudioVersion = 17.8.34601.278
MinimumVisualStudioVersion = 10.0.40219.1
Project("{2150E333-8FDC-42A3-9474-1A3956D46DE8}") = "Task1", "Task1", "{8101E299-3A0F-4EE6-9D1B-092A328B2449}"
EndProject
Project("{2150E333-8FDC-42A3-9474-1A3956D46DE8}") = "Task2", "Task2", "{F502A92F-1BAE-4E23-802B-BA322171472F}"
EndProject
Project("{FAE04EC0-301F-11D3-BF4B-00C04F79EFBC}") = "Task1.1", "Task1\Task1.1\Task1.1.csproj", "{872F3950-2DEF-4816-AFF9-5BDC5D5DF364}"
EndProject
Project("{FAE04EC0-301F-11D3-BF4B-00C04F79EFBC}") = "Task1.2", "Task1\Task1.2\Task1.2.csproj", "{587342D7-E346-4EF6-82B3-6A417725ECE4}"
EndProject
Project("{FAE04EC0-301F-11D3-BF4B-00C04F79EFBC}") = "Task1.3", "Task1\Task1.3\Task1.3.csproj", "{7A12C95F-428D-45F7-A3D7-A7FB3069ED24}"
EndProject
Project("{FAE04EC0-301F-11D3-BF4B-00C04F79EFBC}") = "Task1.4", "Task1\Task1.4\Task1.4.csproj", "{7C33F070-2BF7-462F-AB72-2C85BC2BB959}"
EndProject
Project("{9A19103F-16F7-4668-BE54-9A1E7A4F7556}") = "Task2.1", "Task2\Task2.1\Task2.1.csproj", "{263B3504-0012-4CB6-8F4F-6EF55510862C}"
EndProject
Project("{9A19103F-16F7-4668-BE54-9A1E7A4F7556}") = "Task2.2", "Task2\Task2.2\Task2.2.csproj", "{3FB4B8B1-BCC5-4384-AC92-61EB8E9B8B32}"
EndProject
Project("{9A19103F-16F7-4668-BE54-9A1E7A4F7556}") = "Task2.3", "Task2\Task2.3\Task2.3.csproj", "{A89950D4-2EE2-46F6-98F5-B41319A0DA6D}"
EndProject
Project("{9A19103F-16F7-4668-BE54-9A1E7A4F7556}") = "Task2.4", "Task2\Task2.4\Task2.4.csproj", "{6FF72919-799B-459A-A304-B322E65269FA}"
EndProject
Project("{9A19103F-16F7-4668-BE54-9A1E7A4F7556}") = "Task2.5", "Task2\Task2.5\Task2.5.csproj", "{F07900DD-ABF6-451A-B9C5-954317780AC7}"
EndProject
Global
	GlobalSection(SolutionConfigurationPlatforms) = preSolution
		Debug|Any CPU = Debug|Any CPU
		Release|Any CPU = Release|Any CPU
	EndGlobalSection
	GlobalSection(ProjectConfigurationPlatforms) = postSolution
		{872F3950-2DEF-4816-AFF9-5BDC5D5DF364}.Debug|Any CPU.ActiveCfg = Debug|Any CPU
		{872F3950-2DEF-4816-AFF9-5BDC5D5DF364}.Debug|Any CPU.Build.0 = Debug|Any CPU
		{872F3950-2DEF-4816-AFF9-5BDC5D5DF364}.Release|Any CPU.ActiveCfg = Release|Any CPU
		{872F3950-2DEF-4816-AFF9-5BDC5D5DF364}.Release|Any CPU.Build.0 = Release|Any CPU
		{587342D7-E346-4EF6-82B3-6A417725ECE4}.Debug|Any CPU.ActiveCfg = Debug|Any CPU
		{587342D7-E346-4EF6-82B3-6A417725ECE4}.Debug|Any CPU.Build.0 = Debug|Any CPU
		{587342D7-E346-4EF6-82B3-6A417725ECE4}.Release|Any CPU.ActiveCfg = Release|Any CPU
		{587342D7-E346-4EF6-82B3-6A417725ECE4}.Release|Any CPU.Build.0 = Release|Any CPU
		{7A12C95F-428D-45F7-A3D7-A7FB3069ED24}.Debug|Any CPU.ActiveCfg = Debug|Any CPU
		{7A12C95F-428D-45F7-A3D7-A7FB3069ED24}.Debug|Any CPU.Build.0 = Debug|Any CPU
		{7A12C95F-428D-45F7-A3D7-A7FB3069ED24}.Release|Any CPU.ActiveCfg = Release|Any CPU
		{7A12C95F-428D-45F7-A3D7-A7FB3069ED24}.Release|Any CPU.Build.0 = Release|Any CPU
		{7C33F070-2BF7-462F-AB72-2C85BC2BB959}.Debug|Any CPU.ActiveCfg = Debug|Any CPU
		{7C33F070-2BF7-462F-AB72-2C85BC2BB959}.Debug|Any CPU.Build.0 = Debug|Any CPU
		{7C33F070-2BF7-462F-AB72-2C85BC2BB959}.Release|Any CPU.ActiveCfg = Release|Any CPU
		{7C33F070-2BF7-462F-AB72-2C85BC2BB959}.Release|Any CPU.Build.0 = Release|Any CPU
		{263B3504-0012-4CB6-8F4F-6EF55510862C}.Debug|Any CPU.ActiveCfg = Debug|Any CPU
		{263B3504-0012-4CB6-8F4F-6EF55510862C}.Debug|Any CPU.Build.0 = Debug|Any CPU
		{263B3504-0012-4CB6-8F4F-6EF55510862C}.Release|Any CPU.ActiveCfg = Release|Any CPU
		{263B3504-0012-4CB6-8F4F-6EF55510862C}.Release|Any CPU.Build.0 = Release|Any CPU
		{3FB4B8B1-BCC5-4384-AC92-61EB8E9B8B32}.Debug|Any CPU.ActiveCfg = Debug|Any CPU
		{3FB4B8B1-BCC5-4384-AC92-61EB8E9B8B32}.Debug|Any CPU.Build.0 = Debug|Any CPU
		{3FB4B8B1-BCC5-4384-AC92-61EB8E9B8B32}.Release|Any CPU.ActiveCfg = Release|Any CPU
		{3FB4B8B1-BCC5-4384-AC92-61EB8E9B8B32}.Release|Any CPU.Build.0 = Release|Any CPU
		{A89950D4-2EE2-46F6-98F5-B41319A0DA6D}.Debug|Any CPU.ActiveCfg = Debug|Any CPU
		{A89950D4-2EE2-46F6-98F5-B41319A0DA6D}.Debug|Any CPU.Build.0 = Debug|Any CPU
		{A89950D4-2EE2-46F6-98F5-B41319A0DA6D}.Release|Any CPU.ActiveCfg = Release|Any CPU
		{A89950D4-2EE2-46F6-98F5-B41319A0DA6D}.Release|Any CPU.Build.0 = Release|Any CPU
		{6FF72919-799B-459A-A304-B322E65269FA}.Debug|Any CPU.ActiveCfg = Debug|Any CPU
		{6FF72919-799B-459A-A304-B322E65269FA}.Debug|Any CPU.Build.0 = Debug|Any CPU
		{6FF72919-799B-459A-A304-B322E65269FA}.Release|Any CPU.ActiveCfg = Release|Any CPU
		{6FF72919-799B-459A-A304-B322E65269FA}.Release|Any CPU.Build.0 = Release|Any CPU
		{F07900DD-ABF6-451A-B9C5-954317780AC7}.Debug|Any CPU.ActiveCfg = Debug|Any CPU
		{F07900DD-ABF6-451A-B9C5-954317780AC7}.Debug|Any CPU.Build.0 = Debug|Any CPU
		{F07900DD-ABF6-451A-B9C5-954317780AC7}.Release|Any CPU.ActiveCfg = Release|Any CPU
		{F07900DD-ABF6-451A-B9C5-954317780AC7}.Release|Any CPU.Build.0 = Release|Any CPU
	EndGlobalSection
	GlobalSection(SolutionProperties) = preSolution
		HideSolutionNode = FALSE
	EndGlobalSection
	GlobalSection(NestedProjects) = preSolution
		{872F3950-2DEF-4816-AFF9-5BDC5D5DF364} = {8101E299-3A0F-4EE6-9D1B-092A328B2449}
		{587342D7-E346-4EF6-82B3-6A417725ECE4} = {8101E299-3A0F-4EE6-9D1B-092A328B2449}
		{7A12C95F-428D-45F7-A3D7-A7FB3069ED24} = {8101E299-3A0F-4EE6-9D1B-092A328B2449}
		{7C33F070-2BF7-462F-AB72-2C85BC2BB959} = {8101E299-3A0F-4EE6-9D1B-092A328B2449}
		{263B3504-0012-4CB6-8F4F-6EF55510862C} = {F502A92F-1BAE-4E23-802B-BA322171472F}
		{3FB4B8B1-BCC5-4384-AC92-61EB8E9B8B32} = {F502A92F-1BAE-4E23-802B-BA322171472F}
		{A89950D4-2EE2-46F6-98F5-B41319A0DA6D} = {F502A92F-1BAE-4E23-802B-BA322171472F}
		{6FF72919-799B-459A-A304-B322E65269FA} = {F502A92F-1BAE-4E23-802B-BA322171472F}
		{F07900DD-ABF6-451A-B9C5-954317780AC7} = {F502A92F-1BAE-4E23-802B-BA322171472F}
	EndGlobalSection
	GlobalSection(ExtensibilityGlobals) = postSolution
		SolutionGuid = {940DCD7C-6966-4C89-9404-120BE0E07BF8}
	EndGlobalSection
EndGlobal
