
Microsoft Visual Studio Solution File, Format Version 12.00
# Visual Studio Version 17
VisualStudioVersion = 17.8.34601.278
MinimumVisualStudioVersion = 10.0.40219.1
Project("{FAE04EC0-301F-11D3-BF4B-00C04F79EFBC}") = "IntProject1", "IntProject1\IntProject1.csproj", "{5DB85201-D9CD-4811-83F7-58BC2789337A}"
EndProject
Project("{FAE04EC0-301F-11D3-BF4B-00C04F79EFBC}") = "IntProject2", "IntProject2\IntProject2.csproj", "{79F0A9E8-239A-4757-83CE-B45CAF86D9CA}"
EndProject
Global
	GlobalSection(SolutionConfigurationPlatforms) = preSolution
		Debug|Any CPU = Debug|Any CPU
		Release|Any CPU = Release|Any CPU
	EndGlobalSection
	GlobalSection(ProjectConfigurationPlatforms) = postSolution
		{5DB85201-D9CD-4811-83F7-58BC2789337A}.Debug|Any CPU.ActiveCfg = Debug|Any CPU
		{5DB85201-D9CD-4811-83F7-58BC2789337A}.Debug|Any CPU.Build.0 = Debug|Any CPU
		{5DB85201-D9CD-4811-83F7-58BC2789337A}.Release|Any CPU.ActiveCfg = Release|Any CPU
		{5DB85201-D9CD-4811-83F7-58BC2789337A}.Release|Any CPU.Build.0 = Release|Any CPU
		{79F0A9E8-239A-4757-83CE-B45CAF86D9CA}.Debug|Any CPU.ActiveCfg = Debug|Any CPU
		{79F0A9E8-239A-4757-83CE-B45CAF86D9CA}.Debug|Any CPU.Build.0 = Debug|Any CPU
		{79F0A9E8-239A-4757-83CE-B45CAF86D9CA}.Release|Any CPU.ActiveCfg = Release|Any CPU
		{79F0A9E8-239A-4757-83CE-B45CAF86D9CA}.Release|Any CPU.Build.0 = Release|Any CPU
	EndGlobalSection
	GlobalSection(SolutionProperties) = preSolution
		HideSolutionNode = FALSE
	EndGlobalSection
	GlobalSection(ExtensibilityGlobals) = postSolution
		SolutionGuid = {B76BF271-E8EA-46F3-B863-87DC74F142E4}
	EndGlobalSection
EndGlobal
