
Microsoft Visual Studio Solution File, Format Version 12.00
# Visual Studio Version 17
VisualStudioVersion = 17.0.31903.59
MinimumVisualStudioVersion = 10.0.40219.1
Project("{FAE04EC0-301F-11D3-BF4B-00C04F79EFBC}") = "DecimalProject1", "DecimalProject1\DecimalProject1.csproj", "{45AC87A3-A505-4580-9E36-937577D3D071}"
EndProject
Global
	GlobalSection(SolutionConfigurationPlatforms) = preSolution
		Debug|Any CPU = Debug|Any CPU
		Release|Any CPU = Release|Any CPU
	EndGlobalSection
	GlobalSection(ProjectConfigurationPlatforms) = postSolution
		{45AC87A3-A505-4580-9E36-937577D3D071}.Debug|Any CPU.ActiveCfg = Debug|Any CPU
		{45AC87A3-A505-4580-9E36-937577D3D071}.Debug|Any CPU.Build.0 = Debug|Any CPU
		{45AC87A3-A505-4580-9E36-937577D3D071}.Release|Any CPU.ActiveCfg = Release|Any CPU
		{45AC87A3-A505-4580-9E36-937577D3D071}.Release|Any CPU.Build.0 = Release|Any CPU
	EndGlobalSection
	GlobalSection(SolutionProperties) = preSolution
		HideSolutionNode = FALSE
	EndGlobalSection
EndGlobal
