
Microsoft Visual Studio Solution File, Format Version 12.00
# Visual Studio Version 17
VisualStudioVersion = 17.8.34601.278
MinimumVisualStudioVersion = 10.0.40219.1
Project("{9A19103F-16F7-4668-BE54-9A1E7A4F7556}") = "Task1 - Basic Interface Implementation", "Task1 - Basic Interface Implementation\Task1 - Basic Interface Implementation.csproj", "{169B0464-9605-4A6A-A8FD-1BF98E5146E5}"
EndProject
Project("{2150E333-8FDC-42A3-9474-1A3956D46DE8}") = "Solution Items", "Solution Items", "{967415A2-FF08-4A70-ADA9-3028EC6EF482}"
	ProjectSection(SolutionItems) = preProject
		HomeWork13.txt = HomeWork13.txt
	EndProjectSection
EndProject
Project("{FAE04EC0-301F-11D3-BF4B-00C04F79EFBC}") = "Task2 - Explicit Interface Implementation", "Task2 - Explicit Interface Implementation\Task2 - Explicit Interface Implementation.csproj", "{50B494A3-A1B9-4A33-B4B0-2C778DCD722C}"
EndProject
Project("{FAE04EC0-301F-11D3-BF4B-00C04F79EFBC}") = "Task3 - Multiple Interfaces", "Task3 - Multiple Interfaces\Task3 - Multiple Interfaces.csproj", "{C3752096-1450-41D9-8592-BF9BF43A5018}"
EndProject
Project("{FAE04EC0-301F-11D3-BF4B-00C04F79EFBC}") = "Task4 - Custom Interface Properties", "Task4 - Custom Interface Properties\Task4 - Custom Interface Properties.csproj", "{A6906D10-89C8-4A12-A310-4CE74DF8868C}"
EndProject
Global
	GlobalSection(SolutionConfigurationPlatforms) = preSolution
		Debug|Any CPU = Debug|Any CPU
		Release|Any CPU = Release|Any CPU
	EndGlobalSection
	GlobalSection(ProjectConfigurationPlatforms) = postSolution
		{169B0464-9605-4A6A-A8FD-1BF98E5146E5}.Debug|Any CPU.ActiveCfg = Debug|Any CPU
		{169B0464-9605-4A6A-A8FD-1BF98E5146E5}.Debug|Any CPU.Build.0 = Debug|Any CPU
		{169B0464-9605-4A6A-A8FD-1BF98E5146E5}.Release|Any CPU.ActiveCfg = Release|Any CPU
		{169B0464-9605-4A6A-A8FD-1BF98E5146E5}.Release|Any CPU.Build.0 = Release|Any CPU
		{50B494A3-A1B9-4A33-B4B0-2C778DCD722C}.Debug|Any CPU.ActiveCfg = Debug|Any CPU
		{50B494A3-A1B9-4A33-B4B0-2C778DCD722C}.Debug|Any CPU.Build.0 = Debug|Any CPU
		{50B494A3-A1B9-4A33-B4B0-2C778DCD722C}.Release|Any CPU.ActiveCfg = Release|Any CPU
		{50B494A3-A1B9-4A33-B4B0-2C778DCD722C}.Release|Any CPU.Build.0 = Release|Any CPU
		{C3752096-1450-41D9-8592-BF9BF43A5018}.Debug|Any CPU.ActiveCfg = Debug|Any CPU
		{C3752096-1450-41D9-8592-BF9BF43A5018}.Debug|Any CPU.Build.0 = Debug|Any CPU
		{C3752096-1450-41D9-8592-BF9BF43A5018}.Release|Any CPU.ActiveCfg = Release|Any CPU
		{C3752096-1450-41D9-8592-BF9BF43A5018}.Release|Any CPU.Build.0 = Release|Any CPU
		{A6906D10-89C8-4A12-A310-4CE74DF8868C}.Debug|Any CPU.ActiveCfg = Debug|Any CPU
		{A6906D10-89C8-4A12-A310-4CE74DF8868C}.Debug|Any CPU.Build.0 = Debug|Any CPU
		{A6906D10-89C8-4A12-A310-4CE74DF8868C}.Release|Any CPU.ActiveCfg = Release|Any CPU
		{A6906D10-89C8-4A12-A310-4CE74DF8868C}.Release|Any CPU.Build.0 = Release|Any CPU
	EndGlobalSection
	GlobalSection(SolutionProperties) = preSolution
		HideSolutionNode = FALSE
	EndGlobalSection
	GlobalSection(ExtensibilityGlobals) = postSolution
		SolutionGuid = {89208BD8-CDEA-4128-91FE-6DA522BD5C35}
	EndGlobalSection
EndGlobal
