
Microsoft Visual Studio Solution File, Format Version 12.00
# Visual Studio Version 17
VisualStudioVersion = 17.8.34601.278
MinimumVisualStudioVersion = 10.0.40219.1
Project("{FAE04EC0-301F-11D3-BF4B-00C04F79EFBC}") = "Project1", "Project1\Project1.csproj", "{9E7AF1BE-F655-4329-9D67-688E21761BB3}"
EndProject
Project("{FAE04EC0-301F-11D3-BF4B-00C04F79EFBC}") = "Project2", "Project2\Project2.csproj", "{F5C649CF-6CB8-42CF-9FEE-B7338A8B24D3}"
EndProject
Global
	GlobalSection(SolutionConfigurationPlatforms) = preSolution
		Debug|Any CPU = Debug|Any CPU
		Release|Any CPU = Release|Any CPU
	EndGlobalSection
	GlobalSection(ProjectConfigurationPlatforms) = postSolution
		{9E7AF1BE-F655-4329-9D67-688E21761BB3}.Debug|Any CPU.ActiveCfg = Debug|Any CPU
		{9E7AF1BE-F655-4329-9D67-688E21761BB3}.Debug|Any CPU.Build.0 = Debug|Any CPU
		{9E7AF1BE-F655-4329-9D67-688E21761BB3}.Release|Any CPU.ActiveCfg = Release|Any CPU
		{9E7AF1BE-F655-4329-9D67-688E21761BB3}.Release|Any CPU.Build.0 = Release|Any CPU
		{F5C649CF-6CB8-42CF-9FEE-B7338A8B24D3}.Debug|Any CPU.ActiveCfg = Debug|Any CPU
		{F5C649CF-6CB8-42CF-9FEE-B7338A8B24D3}.Debug|Any CPU.Build.0 = Debug|Any CPU
		{F5C649CF-6CB8-42CF-9FEE-B7338A8B24D3}.Release|Any CPU.ActiveCfg = Release|Any CPU
		{F5C649CF-6CB8-42CF-9FEE-B7338A8B24D3}.Release|Any CPU.Build.0 = Release|Any CPU
	EndGlobalSection
	GlobalSection(SolutionProperties) = preSolution
		HideSolutionNode = FALSE
	EndGlobalSection
	GlobalSection(ExtensibilityGlobals) = postSolution
		SolutionGuid = {725A71F2-AB73-44D7-B7C4-89FBB01FC2BF}
	EndGlobalSection
EndGlobal
