
Microsoft Visual Studio Solution File, Format Version 12.00
# Visual Studio Version 17
VisualStudioVersion = 17.8.34601.278
MinimumVisualStudioVersion = 10.0.40219.1
Project("{9A19103F-16F7-4668-BE54-9A1E7A4F7556}") = "Project1", "Project1\Project1.csproj", "{35A75F93-1769-4FEB-9F41-BF73DCC9308F}"
EndProject
Project("{9A19103F-16F7-4668-BE54-9A1E7A4F7556}") = "Porject2", "Porject2\Porject2.csproj", "{A43F58EC-864D-4B86-84C5-F2B9DF34CF2E}"
EndProject
Global
	GlobalSection(SolutionConfigurationPlatforms) = preSolution
		Debug|Any CPU = Debug|Any CPU
		Release|Any CPU = Release|Any CPU
	EndGlobalSection
	GlobalSection(ProjectConfigurationPlatforms) = postSolution
		{35A75F93-1769-4FEB-9F41-BF73DCC9308F}.Debug|Any CPU.ActiveCfg = Debug|Any CPU
		{35A75F93-1769-4FEB-9F41-BF73DCC9308F}.Debug|Any CPU.Build.0 = Debug|Any CPU
		{35A75F93-1769-4FEB-9F41-BF73DCC9308F}.Release|Any CPU.ActiveCfg = Release|Any CPU
		{35A75F93-1769-4FEB-9F41-BF73DCC9308F}.Release|Any CPU.Build.0 = Release|Any CPU
		{A43F58EC-864D-4B86-84C5-F2B9DF34CF2E}.Debug|Any CPU.ActiveCfg = Debug|Any CPU
		{A43F58EC-864D-4B86-84C5-F2B9DF34CF2E}.Debug|Any CPU.Build.0 = Debug|Any CPU
		{A43F58EC-864D-4B86-84C5-F2B9DF34CF2E}.Release|Any CPU.ActiveCfg = Release|Any CPU
		{A43F58EC-864D-4B86-84C5-F2B9DF34CF2E}.Release|Any CPU.Build.0 = Release|Any CPU
	EndGlobalSection
	GlobalSection(SolutionProperties) = preSolution
		HideSolutionNode = FALSE
	EndGlobalSection
	GlobalSection(ExtensibilityGlobals) = postSolution
		SolutionGuid = {9084AA08-3C21-4D28-8325-25C6B7730DAE}
	EndGlobalSection
EndGlobal
