
Microsoft Visual Studio Solution File, Format Version 12.00
# Visual Studio Version 17
VisualStudioVersion = 17.10.35122.118
MinimumVisualStudioVersion = 10.0.40219.1
Project("{9A19103F-16F7-4668-BE54-9A1E7A4F7556}") = "001_FileIO", "001_FileIO\001_FileIO.csproj", "{B72AAB01-81C4-48E3-82B0-55B51D9CBF89}"
EndProject
Project("{FAE04EC0-301F-11D3-BF4B-00C04F79EFBC}") = "002_FileIO", "002_FileIO\002_FileIO.csproj", "{2146FA54-96E0-4EC5-8246-98C5433D6854}"
EndProject
Project("{FAE04EC0-301F-11D3-BF4B-00C04F79EFBC}") = "003_FileIO", "003_FileIO\003_FileIO.csproj", "{F81AFC0B-0DB4-42BA-9272-F236E74F3B39}"
EndProject
Global
	GlobalSection(SolutionConfigurationPlatforms) = preSolution
		Debug|Any CPU = Debug|Any CPU
		Release|Any CPU = Release|Any CPU
	EndGlobalSection
	GlobalSection(ProjectConfigurationPlatforms) = postSolution
		{B72AAB01-81C4-48E3-82B0-55B51D9CBF89}.Debug|Any CPU.ActiveCfg = Debug|Any CPU
		{B72AAB01-81C4-48E3-82B0-55B51D9CBF89}.Debug|Any CPU.Build.0 = Debug|Any CPU
		{B72AAB01-81C4-48E3-82B0-55B51D9CBF89}.Release|Any CPU.ActiveCfg = Release|Any CPU
		{B72AAB01-81C4-48E3-82B0-55B51D9CBF89}.Release|Any CPU.Build.0 = Release|Any CPU
		{2146FA54-96E0-4EC5-8246-98C5433D6854}.Debug|Any CPU.ActiveCfg = Debug|Any CPU
		{2146FA54-96E0-4EC5-8246-98C5433D6854}.Debug|Any CPU.Build.0 = Debug|Any CPU
		{2146FA54-96E0-4EC5-8246-98C5433D6854}.Release|Any CPU.ActiveCfg = Release|Any CPU
		{2146FA54-96E0-4EC5-8246-98C5433D6854}.Release|Any CPU.Build.0 = Release|Any CPU
		{F81AFC0B-0DB4-42BA-9272-F236E74F3B39}.Debug|Any CPU.ActiveCfg = Debug|Any CPU
		{F81AFC0B-0DB4-42BA-9272-F236E74F3B39}.Debug|Any CPU.Build.0 = Debug|Any CPU
		{F81AFC0B-0DB4-42BA-9272-F236E74F3B39}.Release|Any CPU.ActiveCfg = Release|Any CPU
		{F81AFC0B-0DB4-42BA-9272-F236E74F3B39}.Release|Any CPU.Build.0 = Release|Any CPU
	EndGlobalSection
	GlobalSection(SolutionProperties) = preSolution
		HideSolutionNode = FALSE
	EndGlobalSection
	GlobalSection(ExtensibilityGlobals) = postSolution
		SolutionGuid = {EB9C4355-CDC3-4948-9CF3-D6A8C0D74935}
	EndGlobalSection
EndGlobal
