
Microsoft Visual Studio Solution File, Format Version 12.00
# Visual Studio Version 17
VisualStudioVersion = 17.8.34601.278
MinimumVisualStudioVersion = 10.0.40219.1
Project("{2150E333-8FDC-42A3-9474-1A3956D46DE8}") = "Solution Items", "Solution Items", "{F6CC7AE5-47BF-4089-8E18-2301A9F9CDF0}"
	ProjectSection(SolutionItems) = preProject
		HomeWork14.txt = HomeWork14.txt
	EndProjectSection
EndProject
Project("{FAE04EC0-301F-11D3-BF4B-00C04F79EFBC}") = "Task1 - Zoo Animals", "Task1 - Zoo Animals\Task1 - Zoo Animals.csproj", "{532D462A-FB7E-4699-9D8C-AC2193B6C0A7}"
EndProject
Project("{FAE04EC0-301F-11D3-BF4B-00C04F79EFBC}") = "Task2 - Library Bookshelf", "Task2 - Library Bookshelf\Task2 - Library Bookshelf.csproj", "{D2A0CEB1-A3CA-4967-A878-E5D223856065}"
EndProject
Global
	GlobalSection(SolutionConfigurationPlatforms) = preSolution
		Debug|Any CPU = Debug|Any CPU
		Release|Any CPU = Release|Any CPU
	EndGlobalSection
	GlobalSection(ProjectConfigurationPlatforms) = postSolution
		{532D462A-FB7E-4699-9D8C-AC2193B6C0A7}.Debug|Any CPU.ActiveCfg = Debug|Any CPU
		{532D462A-FB7E-4699-9D8C-AC2193B6C0A7}.Debug|Any CPU.Build.0 = Debug|Any CPU
		{532D462A-FB7E-4699-9D8C-AC2193B6C0A7}.Release|Any CPU.ActiveCfg = Release|Any CPU
		{532D462A-FB7E-4699-9D8C-AC2193B6C0A7}.Release|Any CPU.Build.0 = Release|Any CPU
		{D2A0CEB1-A3CA-4967-A878-E5D223856065}.Debug|Any CPU.ActiveCfg = Debug|Any CPU
		{D2A0CEB1-A3CA-4967-A878-E5D223856065}.Debug|Any CPU.Build.0 = Debug|Any CPU
		{D2A0CEB1-A3CA-4967-A878-E5D223856065}.Release|Any CPU.ActiveCfg = Release|Any CPU
		{D2A0CEB1-A3CA-4967-A878-E5D223856065}.Release|Any CPU.Build.0 = Release|Any CPU
	EndGlobalSection
	GlobalSection(SolutionProperties) = preSolution
		HideSolutionNode = FALSE
	EndGlobalSection
	GlobalSection(ExtensibilityGlobals) = postSolution
		SolutionGuid = {9AF33F40-FED4-4220-AD70-39ACDEF25D75}
	EndGlobalSection
EndGlobal
